# THIS IS AN AUTOGENERATED FILE. DO NOT EDIT THIS FILE DIRECTLY.
# yarn lockfile v1


"js-tokens@^3.0.0 || ^4.0.0":
  version "4.0.0"
  resolved "http://nexus.hyperchain.cn/repository/npm/js-tokens/-/js-tokens-4.0.0.tgz#19203fb59991df98e3a287050d4647cdeaf32499"
  integrity sha512-RdJUflcE3cUzKiMqQgsCu06FPu9UdIJO0beYbPhHN4k6apgJtifcoCtT9bcxOpYBtpD2kCM6Sbzg4CausW/PKQ==

loose-envify@^1.1.0:
  version "1.4.0"
  resolved "http://nexus.hyperchain.cn/repository/npm/loose-envify/-/loose-envify-1.4.0.tgz#71ee51fa7be4caec1a63839f7e682d8132d30caf"
  integrity sha512-lyuxPGr/Wfhrlem2CL/UcnUc1zcqKAImBDzukY7Y5F/yQiNdko6+fRLevlw1HgMySw7f611UIY408EtxRSoK3Q==
  dependencies:
    js-tokens "^3.0.0 || ^4.0.0"

react-dom@^18.0.0-rc.3:
  version "18.0.0-rc.3"
  resolved "http://nexus.hyperchain.cn/repository/npm/react-dom/-/react-dom-18.0.0-rc.3.tgz#e26884e58dea59c6887e6b1f6a53851314253c94"
  integrity sha512-WPlWXyzZp22+uGUNNNoZnAPWAcr5sSeaEj0S1lLqKc2DkovKugJl1VgnBfk6gQX9llTb5/qkRNVtW31WdhG8iA==
  dependencies:
    loose-envify "^1.1.0"
    scheduler "^0.21.0-rc.3"

react@^18.0.0-rc.3:
  version "18.0.0-rc.3"
  resolved "http://nexus.hyperchain.cn/repository/npm/react/-/react-18.0.0-rc.3.tgz#bb7c7fe1fb8f2909bf2bcd9834642fabddbb90ed"
  integrity sha512-2NzSty8Dtq+5lnOdnP5MNA2iSn51PmvAuqgHLmUoXU3ohEtL+r0a1Az1iWvurMBIqW9cz49fJ42AM/+ziPmlWg==
  dependencies:
    loose-envify "^1.1.0"

scheduler@^0.21.0-rc.3:
  version "0.21.0-rc.3-next-de516ca5a-20220321"
  resolved "http://nexus.hyperchain.cn/repository/npm/scheduler/-/scheduler-0.21.0-rc.3-next-de516ca5a-20220321.tgz#121bdefae4df37f1acefd1bfc136727db0537dfd"
  integrity sha512-g/Zjh5Nz9nxRP3xQQJuegLJWzJQuO03XF1WkWRS37PNczvw1jOV30utrrCxx819JNsA4A3JXAhdBjyZj81LMfw==
  dependencies:
    loose-envify "^1.1.0"
